
Microsoft Visual Studio Solution File, Format Version 12.00
# Visual Studio Version 16
VisualStudioVersion = 16.0.28902.138
MinimumVisualStudioVersion = 10.0.40219.1
Project("{FAE04EC0-301F-11D3-BF4B-00C04F79EFBC}") = "EuroAuctionApp", "EuroAuctionApp.Shell\EuroAuctionApp.csproj", "{41682F3C-351A-474D-80E1-A5ABC80AE0EF}"
EndProject
Project("{2150E333-8FDC-42A3-9474-1A3956D46DE8}") = "EuroAuctionApp.Infrastructure", "EuroAuctionApp.Infrastructure", "{9CAF9437-E172-48A4-BCAB-84D4DD5FE51C}"
EndProject
Project("{FAE04EC0-301F-11D3-BF4B-00C04F79EFBC}") = "EuroAuctionApp.Infra", "EuroAuctionApp.Infra\EuroAuctionApp.Infra.csproj", "{B8AE1F20-1B6A-4979-9ACF-93ECF1C70FFB}"
EndProject
Project("{FAE04EC0-301F-11D3-BF4B-00C04F79EFBC}") = "EuroAuctionApp.Markup", "EuroAuctionApp.Markup\EuroAuctionApp.Markup.csproj", "{6BC54137-D247-4998-B410-042EB876C47A}"
EndProject
Project("{FAE04EC0-301F-11D3-BF4B-00C04F79EFBC}") = "EuroAuctionApp.UtilityViews", "EuroAuctionApp.UtilityViews\EuroAuctionApp.UtilityViews.csproj", "{3C8CDB98-C2B6-4240-BD6E-4A48C84F039F}"
EndProject
Project("{2150E333-8FDC-42A3-9474-1A3956D46DE8}") = "EuroAuctionApp.Modules", "EuroAuctionApp.Modules", "{FD0CDB94-7125-4A86-9EE4-B4BF1DA473C3}"
EndProject
Project("{2150E333-8FDC-42A3-9474-1A3956D46DE8}") = "EuroAuctionApp.Tests", "EuroAuctionApp.Tests", "{56DE37EC-498F-4175-9A6F-82C42A6C7788}"
EndProject
Project("{FAE04EC0-301F-11D3-BF4B-00C04F79EFBC}") = "EuroAuctionApp.CoreViews", "EuroAuctionApp.CoreViews\EuroAuctionApp.CoreViews.csproj", "{E454C761-85A8-472F-89B6-E78184CE0E53}"
EndProject
Project("{FAE04EC0-301F-11D3-BF4B-00C04F79EFBC}") = "EuroAuctionApp.DAL", "EuroAuctionApp.DAL\EuroAuctionApp.DAL.csproj", "{2191A0A4-DE0A-4E9A-8FF9-D5E37B2B5A4F}"
EndProject
Project("{FAE04EC0-301F-11D3-BF4B-00C04F79EFBC}") = "EuroAuctionApp.CSV", "EuroAuctionApp.CSV\EuroAuctionApp.CSV.csproj", "{FF891862-3B1E-40BC-8C3B-C00AE1006635}"
EndProject
Project("{FAE04EC0-301F-11D3-BF4B-00C04F79EFBC}") = "EuroAuctionApp.DAL.Tests", "EuroAuctionApp.DAL.Tests\EuroAuctionApp.DAL.Tests.csproj", "{7D5F2AE2-9B24-48F4-840C-359634F7CCC0}"
EndProject
Global
	GlobalSection(SolutionConfigurationPlatforms) = preSolution
		Debug|Any CPU = Debug|Any CPU
		Release|Any CPU = Release|Any CPU
	EndGlobalSection
	GlobalSection(ProjectConfigurationPlatforms) = postSolution
		{41682F3C-351A-474D-80E1-A5ABC80AE0EF}.Debug|Any CPU.ActiveCfg = Debug|Any CPU
		{41682F3C-351A-474D-80E1-A5ABC80AE0EF}.Debug|Any CPU.Build.0 = Debug|Any CPU
		{41682F3C-351A-474D-80E1-A5ABC80AE0EF}.Release|Any CPU.ActiveCfg = Release|Any CPU
		{41682F3C-351A-474D-80E1-A5ABC80AE0EF}.Release|Any CPU.Build.0 = Release|Any CPU
		{B8AE1F20-1B6A-4979-9ACF-93ECF1C70FFB}.Debug|Any CPU.ActiveCfg = Debug|Any CPU
		{B8AE1F20-1B6A-4979-9ACF-93ECF1C70FFB}.Debug|Any CPU.Build.0 = Debug|Any CPU
		{B8AE1F20-1B6A-4979-9ACF-93ECF1C70FFB}.Release|Any CPU.ActiveCfg = Release|Any CPU
		{B8AE1F20-1B6A-4979-9ACF-93ECF1C70FFB}.Release|Any CPU.Build.0 = Release|Any CPU
		{6BC54137-D247-4998-B410-042EB876C47A}.Debug|Any CPU.ActiveCfg = Debug|Any CPU
		{6BC54137-D247-4998-B410-042EB876C47A}.Debug|Any CPU.Build.0 = Debug|Any CPU
		{6BC54137-D247-4998-B410-042EB876C47A}.Release|Any CPU.ActiveCfg = Release|Any CPU
		{6BC54137-D247-4998-B410-042EB876C47A}.Release|Any CPU.Build.0 = Release|Any CPU
		{3C8CDB98-C2B6-4240-BD6E-4A48C84F039F}.Debug|Any CPU.ActiveCfg = Debug|Any CPU
		{3C8CDB98-C2B6-4240-BD6E-4A48C84F039F}.Debug|Any CPU.Build.0 = Debug|Any CPU
		{3C8CDB98-C2B6-4240-BD6E-4A48C84F039F}.Release|Any CPU.ActiveCfg = Release|Any CPU
		{3C8CDB98-C2B6-4240-BD6E-4A48C84F039F}.Release|Any CPU.Build.0 = Release|Any CPU
		{E454C761-85A8-472F-89B6-E78184CE0E53}.Debug|Any CPU.ActiveCfg = Debug|Any CPU
		{E454C761-85A8-472F-89B6-E78184CE0E53}.Debug|Any CPU.Build.0 = Debug|Any CPU
		{E454C761-85A8-472F-89B6-E78184CE0E53}.Release|Any CPU.ActiveCfg = Release|Any CPU
		{E454C761-85A8-472F-89B6-E78184CE0E53}.Release|Any CPU.Build.0 = Release|Any CPU
		{2191A0A4-DE0A-4E9A-8FF9-D5E37B2B5A4F}.Debug|Any CPU.ActiveCfg = Debug|Any CPU
		{2191A0A4-DE0A-4E9A-8FF9-D5E37B2B5A4F}.Debug|Any CPU.Build.0 = Debug|Any CPU
		{2191A0A4-DE0A-4E9A-8FF9-D5E37B2B5A4F}.Release|Any CPU.ActiveCfg = Release|Any CPU
		{2191A0A4-DE0A-4E9A-8FF9-D5E37B2B5A4F}.Release|Any CPU.Build.0 = Release|Any CPU
		{FF891862-3B1E-40BC-8C3B-C00AE1006635}.Debug|Any CPU.ActiveCfg = Debug|Any CPU
		{FF891862-3B1E-40BC-8C3B-C00AE1006635}.Debug|Any CPU.Build.0 = Debug|Any CPU
		{FF891862-3B1E-40BC-8C3B-C00AE1006635}.Release|Any CPU.ActiveCfg = Release|Any CPU
		{FF891862-3B1E-40BC-8C3B-C00AE1006635}.Release|Any CPU.Build.0 = Release|Any CPU
		{7D5F2AE2-9B24-48F4-840C-359634F7CCC0}.Debug|Any CPU.ActiveCfg = Debug|Any CPU
		{7D5F2AE2-9B24-48F4-840C-359634F7CCC0}.Debug|Any CPU.Build.0 = Debug|Any CPU
		{7D5F2AE2-9B24-48F4-840C-359634F7CCC0}.Release|Any CPU.ActiveCfg = Release|Any CPU
		{7D5F2AE2-9B24-48F4-840C-359634F7CCC0}.Release|Any CPU.Build.0 = Release|Any CPU
	EndGlobalSection
	GlobalSection(SolutionProperties) = preSolution
		HideSolutionNode = FALSE
	EndGlobalSection
	GlobalSection(NestedProjects) = preSolution
		{B8AE1F20-1B6A-4979-9ACF-93ECF1C70FFB} = {9CAF9437-E172-48A4-BCAB-84D4DD5FE51C}
		{6BC54137-D247-4998-B410-042EB876C47A} = {9CAF9437-E172-48A4-BCAB-84D4DD5FE51C}
		{3C8CDB98-C2B6-4240-BD6E-4A48C84F039F} = {FD0CDB94-7125-4A86-9EE4-B4BF1DA473C3}
		{E454C761-85A8-472F-89B6-E78184CE0E53} = {FD0CDB94-7125-4A86-9EE4-B4BF1DA473C3}
		{2191A0A4-DE0A-4E9A-8FF9-D5E37B2B5A4F} = {FD0CDB94-7125-4A86-9EE4-B4BF1DA473C3}
		{FF891862-3B1E-40BC-8C3B-C00AE1006635} = {FD0CDB94-7125-4A86-9EE4-B4BF1DA473C3}
		{7D5F2AE2-9B24-48F4-840C-359634F7CCC0} = {56DE37EC-498F-4175-9A6F-82C42A6C7788}
	EndGlobalSection
	GlobalSection(ExtensibilityGlobals) = postSolution
		SolutionGuid = {49E321FE-4363-4486-8E77-4FDA66CA0819}
	EndGlobalSection
EndGlobal
